// !$*UTF8*$!
{
	archiveVersion = 1;
	classes = {
	};
	objectVersion = 46;
	objects = {

/* Begin PBXBuildFile section */
		8F047CB81C2A51E4009A0740 /* main.m in Sources */ = {isa = PBXBuildFile; fileRef = 8F047CB71C2A51E4009A0740 /* main.m */; };
		8F047CBB1C2A51E4009A0740 /* AppDelegate.m in Sources */ = {isa = PBXBuildFile; fileRef = 8F047CBA1C2A51E4009A0740 /* AppDelegate.m */; };
		8F047CBE1C2A51E4009A0740 /* ViewController.m in Sources */ = {isa = PBXBuildFile; fileRef = 8F047CBD1C2A51E4009A0740 /* ViewController.m */; };
		8F047CC11C2A51E4009A0740 /* Main.storyboard in Resources */ = {isa = PBXBuildFile; fileRef = 8F047CBF1C2A51E4009A0740 /* Main.storyboard */; };
		8F047CC31C2A51E4009A0740 /* Assets.xcassets in Resources */ = {isa = PBXBuildFile; fileRef = 8F047CC21C2A51E4009A0740 /* Assets.xcassets */; };
		8F047CC61C2A51E4009A0740 /* LaunchScreen.storyboard in Resources */ = {isa = PBXBuildFile; fileRef = 8F047CC41C2A51E4009A0740 /* LaunchScreen.storyboard */; };
		8F047CD11C2A51E4009A0740 /* Git_TestTests.m in Sources */ = {isa = PBXBuildFile; fileRef = 8F047CD01C2A51E4009A0740 /* Git_TestTests.m */; };
		8F047CDC1C2A51E4009A0740 /* Git_TestUITests.m in Sources */ = {isa = PBXBuildFile; fileRef = 8F047CDB1C2A51E4009A0740 /* Git_TestUITests.m */; };
/* End PBXBuildFile section */

/* Begin PBXContainerItemProxy section */
		8F047CCD1C2A51E4009A0740 /* PBXContainerItemProxy */ = {
			isa = PBXContainerItemProxy;
			containerPortal = 8F047CAB1C2A51E4009A0740 /* Project object */;
			proxyType = 1;
			remoteGlobalIDString = 8F047CB21C2A51E4009A0740;
			remoteInfo = "Git-Test";
		};
		8F047CD81C2A51E4009A0740 /* PBXContainerItemProxy */ = {
			isa = PBXContainerItemProxy;
			containerPortal = 8F047CAB1C2A51E4009A0740 /* Project object */;
			proxyType = 1;
			remoteGlobalIDString = 8F047CB21C2A51E4009A0740;
			remoteInfo = "Git-Test";
		};
/* End PBXContainerItemProxy section */

/* Begin PBXFileReference section */
		8F047CB31C2A51E4009A0740 /* Git-Test.app */ = {isa = PBXFileReference; explicitFileType = wrapper.application; includeInIndex = 0; path = "Git-Test.app"; sourceTree = BUILT_PRODUCTS_DIR; };
		8F047CB71C2A51E4009A0740 /* main.m */ = {isa = PBXFileReference; lastKnownFileType = sourcecode.c.objc; path = main.m; sourceTree = "<group>"; };
		8F047CB91C2A51E4009A0740 /* AppDelegate.h */ = {isa = PBXFileReference; lastKnownFileType = sourcecode.c.h; path = AppDelegate.h; sourceTree = "<group>"; };
		8F047CBA1C2A51E4009A0740 /* AppDelegate.m */ = {isa = PBXFileReference; lastKnownFileType = sourcecode.c.objc; path = AppDelegate.m; sourceTree = "<group>"; };
		8F047CBC1C2A51E4009A0740 /* ViewController.h */ = {isa = PBXFileReference; lastKnownFileType = sourcecode.c.h; path = ViewController.h; sourceTree = "<group>"; };
		8F047CBD1C2A51E4009A0740 /* ViewController.m */ = {isa = PBXFileReference; lastKnownFileType = sourcecode.c.objc; path = ViewController.m; sourceTree = "<group>"; };
		8F047CC01C2A51E4009A0740 /* Base */ = {isa = PBXFileReference; lastKnownFileType = file.storyboard; name = Base; path = Base.lproj/Main.storyboard; sourceTree = "<group>"; };
		8F047CC21C2A51E4009A0740 /* Assets.xcassets */ = {isa = PBXFileReference; lastKnownFileType = folder.assetcatalog; path = Assets.xcassets; sourceTree = "<group>"; };
		8F047CC51C2A51E4009A0740 /* Base */ = {isa = PBXFileReference; lastKnownFileType = file.storyboard; name = Base; path = Base.lproj/LaunchScreen.storyboard; sourceTree = "<group>"; };
		8F047CC71C2A51E4009A0740 /* Info.plist */ = {isa = PBXFileReference; lastKnownFileType = text.plist.xml; path = Info.plist; sourceTree = "<group>"; };
		8F047CCC1C2A51E4009A0740 /* Git-TestTests.xctest */ = {isa = PBXFileReference; explicitFileType = wrapper.cfbundle; includeInIndex = 0; path = "Git-TestTests.xctest"; sourceTree = BUILT_PRODUCTS_DIR; };
		8F047CD01C2A51E4009A0740 /* Git_TestTests.m */ = {isa = PBXFileReference; lastKnownFileType = sourcecode.c.objc; path = Git_TestTests.m; sourceTree = "<group>"; };
		8F047CD21C2A51E4009A0740 /* Info.plist */ = {isa = PBXFileReference; lastKnownFileType = text.plist.xml; path = Info.plist; sourceTree = "<group>"; };
		8F047CD71C2A51E4009A0740 /* Git-TestUITests.xctest */ = {isa = PBXFileReference; explicitFileType = wrapper.cfbundle; includeInIndex = 0; path = "Git-TestUITests.xctest"; sourceTree = BUILT_PRODUCTS_DIR; };
		8F047CDB1C2A51E4009A0740 /* Git_TestUITests.m */ = {isa = PBXFileReference; lastKnownFileType = sourcecode.c.objc; path = Git_TestUITests.m; sourceTree = "<group>"; };
		8F047CDD1C2A51E4009A0740 /* Info.plist */ = {isa = PBXFileReference; lastKnownFileType = text.plist.xml; path = Info.plist; sourceTree = "<group>"; };
/* End PBXFileReference section */

/* Begin PBXFrameworksBuildPhase section */
		8F047CB01C2A51E4009A0740 /* Frameworks */ = {
			isa = PBXFrameworksBuildPhase;
			buildActionMask = 2147483647;
			files = (
			);
			runOnlyForDeploymentPostprocessing = 0;
		};
		8F047CC91C2A51E4009A0740 /* Frameworks */ = {
			isa = PBXFrameworksBuildPhase;
			buildActionMask = 2147483647;
			files = (
			);
			runOnlyForDeploymentPostprocessing = 0;
		};
		8F047CD41C2A51E4009A0740 /* Frameworks */ = {
			isa = PBXFrameworksBuildPhase;
			buildActionMask = 2147483647;
			files = (
			);
			runOnlyForDeploymentPostprocessing = 0;
		};
/* End PBXFrameworksBuildPhase section */

/* Begin PBXGroup section */
		8F047CAA1C2A51E4009A0740 = {
			isa = PBXGroup;
			children = (
				8F047CB51C2A51E4009A0740 /* Git-Test */,
				8F047CCF1C2A51E4009A0740 /* Git-TestTests */,
				8F047CDA1C2A51E4009A0740 /* Git-TestUITests */,
				8F047CB41C2A51E4009A0740 /* Products */,
			);
			sourceTree = "<group>";
		};
		8F047CB41C2A51E4009A0740 /* Products */ = {
			isa = PBXGroup;
			children = (
				8F047CB31C2A51E4009A0740 /* Git-Test.app */,
				8F047CCC1C2A51E4009A0740 /* Git-TestTests.xctest */,
				8F047CD71C2A51E4009A0740 /* Git-TestUITests.xctest */,
			);
			name = Products;
			sourceTree = "<group>";
		};
		8F047CB51C2A51E4009A0740 /* Git-Test */ = {
			isa = PBXGroup;
			children = (
				8F047CB91C2A51E4009A0740 /* AppDelegate.h */,
				8F047CBA1C2A51E4009A0740 /* AppDelegate.m */,
				8F047CBC1C2A51E4009A0740 /* ViewController.h */,
				8F047CBD1C2A51E4009A0740 /* ViewController.m */,
				8F047CBF1C2A51E4009A0740 /* Main.storyboard */,
				8F047CC21C2A51E4009A0740 /* Assets.xcassets */,
				8F047CC41C2A51E4009A0740 /* LaunchScreen.storyboard */,
				8F047CC71C2A51E4009A0740 /* Info.plist */,
				8F047CB61C2A51E4009A0740 /* Supporting Files */,
			);
			path = "Git-Test";
			sourceTree = "<group>";
		};
		8F047CB61C2A51E4009A0740 /* Supporting Files */ = {
			isa = PBXGroup;
			children = (
				8F047CB71C2A51E4009A0740 /* main.m */,
			);
			name = "Supporting Files";
			sourceTree = "<group>";
		};
		8F047CCF1C2A51E4009A0740 /* Git-TestTests */ = {
			isa = PBXGroup;
			children = (
				8F047CD01C2A51E4009A0740 /* Git_TestTests.m */,
				8F047CD21C2A51E4009A0740 /* Info.plist */,
			);
			path = "Git-TestTests";
			sourceTree = "<group>";
		};
		8F047CDA1C2A51E4009A0740 /* Git-TestUITests */ = {
			isa = PBXGroup;
			children = (
				8F047CDB1C2A51E4009A0740 /* Git_TestUITests.m */,
				8F047CDD1C2A51E4009A0740 /* Info.plist */,
			);
			path = "Git-TestUITests";
			sourceTree = "<group>";
		};
/* End PBXGroup section */

/* Begin PBXNativeTarget section */
		8F047CB21C2A51E4009A0740 /* Git-Test */ = {
			isa = PBXNativeTarget;
			buildConfigurationList = 8F047CE01C2A51E4009A0740 /* Build configuration list for PBXNativeTarget "Git-Test" */;
			buildPhases = (
				8F047CAF1C2A51E4009A0740 /* Sources */,
				8F047CB01C2A51E4009A0740 /* Frameworks */,
				8F047CB11C2A51E4009A0740 /* Resources */,
			);
			buildRules = (
			);
			dependencies = (
			);
			name = "Git-Test";
			productName = "Git-Test";
			productReference = 8F047CB31C2A51E4009A0740 /* Git-Test.app */;
			productType = "com.apple.product-type.application";
		};
		8F047CCB1C2A51E4009A0740 /* Git-TestTests */ = {
			isa = PBXNativeTarget;
			buildConfigurationList = 8F047CE31C2A51E4009A0740 /* Build configuration list for PBXNativeTarget "Git-TestTests" */;
			buildPhases = (
				8F047CC81C2A51E4009A0740 /* Sources */,
				8F047CC91C2A51E4009A0740 /* Frameworks */,
				8F047CCA1C2A51E4009A0740 /* Resources */,
			);
			buildRules = (
			);
			dependencies = (
				8F047CCE1C2A51E4009A0740 /* PBXTargetDependency */,
			);
			name = "Git-TestTests";
			productName = "Git-TestTests";
			productReference = 8F047CCC1C2A51E4009A0740 /* Git-TestTests.xctest */;
			productType = "com.apple.product-type.bundle.unit-test";
		};
		8F047CD61C2A51E4009A0740 /* Git-TestUITests */ = {
			isa = PBXNativeTarget;
			buildConfigurationList = 8F047CE61C2A51E4009A0740 /* Build configuration list for PBXNativeTarget "Git-TestUITests" */;
			buildPhases = (
				8F047CD31C2A51E4009A0740 /* Sources */,
				8F047CD41C2A51E4009A0740 /* Frameworks */,
				8F047CD51C2A51E4009A0740 /* Resources */,
			);
			buildRules = (
			);
			dependencies = (
				8F047CD91C2A51E4009A0740 /* PBXTargetDependency */,
			);
			name = "Git-TestUITests";
			productName = "Git-TestUITests";
			productReference = 8F047CD71C2A51E4009A0740 /* Git-TestUITests.xctest */;
			productType = "com.apple.product-type.bundle.ui-testing";
		};
/* End PBXNativeTarget section */

/* Begin PBXProject section */
		8F047CAB1C2A51E4009A0740 /* Project object */ = {
			isa = PBXProject;
			attributes = {
				LastUpgradeCheck = 0720;
				ORGANIZATIONNAME = "易仁";
				TargetAttributes = {
					8F047CB21C2A51E4009A0740 = {
						CreatedOnToolsVersion = 7.2;
					};
					8F047CCB1C2A51E4009A0740 = {
						CreatedOnToolsVersion = 7.2;
						TestTargetID = 8F047CB21C2A51E4009A0740;
					};
					8F047CD61C2A51E4009A0740 = {
						CreatedOnToolsVersion = 7.2;
						TestTargetID = 8F047CB21C2A51E4009A0740;
					};
				};
			};
			buildConfigurationList = 8F047CAE1C2A51E4009A0740 /* Build configuration list for PBXProject "Git-Test" */;
			compatibilityVersion = "Xcode 3.2";
			developmentRegion = English;
			hasScannedForEncodings = 0;
			knownRegions = (
				en,
				Base,
			);
			mainGroup = 8F047CAA1C2A51E4009A0740;
			productRefGroup = 8F047CB41C2A51E4009A0740 /* Products */;
			projectDirPath = "";
			projectRoot = "";
			targets = (
				8F047CB21C2A51E4009A0740 /* Git-Test */,
				8F047CCB1C2A51E4009A0740 /* Git-TestTests */,
				8F047CD61C2A51E4009A0740 /* Git-TestUITests */,
			);
		};
/* End PBXProject section */

/* Begin PBXResourcesBuildPhase section */
		8F047CB11C2A51E4009A0740 /* Resources */ = {
			isa = PBXResourcesBuildPhase;
			buildActionMask = 2147483647;
			files = (
				8F047CC61C2A51E4009A0740 /* LaunchScreen.storyboard in Resources */,
				8F047CC31C2A51E4009A0740 /* Assets.xcassets in Resources */,
				8F047CC11C2A51E4009A0740 /* Main.storyboard in Resources */,
			);
			runOnlyForDeploymentPostprocessing = 0;
		};
		8F047CCA1C2A51E4009A0740 /* Resources */ = {
			isa = PBXResourcesBuildPhase;
			buildActionMask = 2147483647;
			files = (
			);
			runOnlyForDeploymentPostprocessing = 0;
		};
		8F047CD51C2A51E4009A0740 /* Resources */ = {
			isa = PBXResourcesBuildPhase;
			buildActionMask = 2147483647;
			files = (
			);
			runOnlyForDeploymentPostprocessing = 0;
		};
/* End PBXResourcesBuildPhase section */

/* Begin PBXSourcesBuildPhase section */
		8F047CAF1C2A51E4009A0740 /* Sources */ = {
			isa = PBXSourcesBuildPhase;
			buildActionMask = 2147483647;
			files = (
				8F047CBE1C2A51E4009A0740 /* ViewController.m in Sources */,
				8F047CBB1C2A51E4009A0740 /* AppDelegate.m in Sources */,
				8F047CB81C2A51E4009A0740 /* main.m in Sources */,
			);
			runOnlyForDeploymentPostprocessing = 0;
		};
		8F047CC81C2A51E4009A0740 /* Sources */ = {
			isa = PBXSourcesBuildPhase;
			buildActionMask = 2147483647;
			files = (
				8F047CD11C2A51E4009A0740 /* Git_TestTests.m in Sources */,
			);
			runOnlyForDeploymentPostprocessing = 0;
		};
		8F047CD31C2A51E4009A0740 /* Sources */ = {
			isa = PBXSourcesBuildPhase;
			buildActionMask = 2147483647;
			files = (
				8F047CDC1C2A51E4009A0740 /* Git_TestUITests.m in Sources */,
			);
			runOnlyForDeploymentPostprocessing = 0;
		};
/* End PBXSourcesBuildPhase section */

/* Begin PBXTargetDependency section */
		8F047CCE1C2A51E4009A0740 /* PBXTargetDependency */ = {
			isa = PBXTargetDependency;
			target = 8F047CB21C2A51E4009A0740 /* Git-Test */;
			targetProxy = 8F047CCD1C2A51E4009A0740 /* PBXContainerItemProxy */;
		};
		8F047CD91C2A51E4009A0740 /* PBXTargetDependency */ = {
			isa = PBXTargetDependency;
			target = 8F047CB21C2A51E4009A0740 /* Git-Test */;
			targetProxy = 8F047CD81C2A51E4009A0740 /* PBXContainerItemProxy */;
		};
/* End PBXTargetDependency section */

/* Begin PBXVariantGroup section */
		8F047CBF1C2A51E4009A0740 /* Main.storyboard */ = {
			isa = PBXVariantGroup;
			children = (
				8F047CC01C2A51E4009A0740 /* Base */,
			);
			name = Main.storyboard;
			sourceTree = "<group>";
		};
		8F047CC41C2A51E4009A0740 /* LaunchScreen.storyboard */ = {
			isa = PBXVariantGroup;
			children = (
				8F047CC51C2A51E4009A0740 /* Base */,
			);
			name = LaunchScreen.storyboard;
			sourceTree = "<group>";
		};
/* End PBXVariantGroup section */

/* Begin XCBuildConfiguration section */
		8F047CDE1C2A51E4009A0740 /* Debug */ = {
			isa = XCBuildConfiguration;
			buildSettings = {
				ALWAYS_SEARCH_USER_PATHS = NO;
				CLANG_CXX_LANGUAGE_STANDARD = "gnu++0x";
				CLANG_CXX_LIBRARY = "libc++";
				CLANG_ENABLE_MODULES = YES;
				CLANG_ENABLE_OBJC_ARC = YES;
				CLANG_WARN_BOOL_CONVERSION = YES;
				CLANG_WARN_CONSTANT_CONVERSION = YES;
				CLANG_WARN_DIRECT_OBJC_ISA_USAGE = YES_ERROR;
				CLANG_WARN_EMPTY_BODY = YES;
				CLANG_WARN_ENUM_CONVERSION = YES;
				CLANG_WARN_INT_CONVERSION = YES;
				CLANG_WARN_OBJC_ROOT_CLASS = YES_ERROR;
				CLANG_WARN_UNREACHABLE_CODE = YES;
				CLANG_WARN__DUPLICATE_METHOD_MATCH = YES;
				"CODE_SIGN_IDENTITY[sdk=iphoneos*]" = "iPhone Developer";
				COPY_PHASE_STRIP = NO;
				DEBUG_INFORMATION_FORMAT = dwarf;
				ENABLE_STRICT_OBJC_MSGSEND = YES;
				ENABLE_TESTABILITY = YES;
				GCC_C_LANGUAGE_STANDARD = gnu99;
				GCC_DYNAMIC_NO_PIC = NO;
				GCC_NO_COMMON_BLOCKS = YES;
				GCC_OPTIMIZATION_LEVEL = 0;
				GCC_PREPROCESSOR_DEFINITIONS = (
					"DEBUG=1",
					"$(inherited)",
				);
				GCC_WARN_64_TO_32_BIT_CONVERSION = YES;
				GCC_WARN_ABOUT_RETURN_TYPE = YES_ERROR;
				GCC_WARN_UNDECLARED_SELECTOR = YES;
				GCC_WARN_UNINITIALIZED_AUTOS = YES_AGGRESSIVE;
				GCC_WARN_UNUSED_FUNCTION = YES;
				GCC_WARN_UNUSED_VARIABLE = YES;
				IPHONEOS_DEPLOYMENT_TARGET = 9.2;
				MTL_ENABLE_DEBUG_INFO = YES;
				ONLY_ACTIVE_ARCH = YES;
				SDKROOT = iphoneos;
			};
			name = Debug;
		};
		8F047CDF1C2A51E4009A0740 /* Release */ = {
			isa = XCBuildConfiguration;
			buildSettings = {
				ALWAYS_SEARCH_USER_PATHS = NO;
				CLANG_CXX_LANGUAGE_STANDARD = "gnu++0x";
				CLANG_CXX_LIBRARY = "libc++";
				CLANG_ENABLE_MODULES = YES;
				CLANG_ENABLE_OBJC_ARC = YES;
				CLANG_WARN_BOOL_CONVERSION = YES;
				CLANG_WARN_CONSTANT_CONVERSION = YES;
				CLANG_WARN_DIRECT_OBJC_ISA_USAGE = YES_ERROR;
				CLANG_WARN_EMPTY_BODY = YES;
				CLANG_WARN_ENUM_CONVERSION = YES;
				CLANG_WARN_INT_CONVERSION = YES;
				CLANG_WARN_OBJC_ROOT_CLASS = YES_ERROR;
				CLANG_WARN_UNREACHABLE_CODE = YES;
				CLANG_WARN__DUPLICATE_METHOD_MATCH = YES;
				"CODE_SIGN_IDENTITY[sdk=iphoneos*]" = "iPhone Developer";
				COPY_PHASE_STRIP = NO;
				DEBUG_INFORMATION_FORMAT = "dwarf-with-dsym";
				ENABLE_NS_ASSERTIONS = NO;
				ENABLE_STRICT_OBJC_MSGSEND = YES;
				GCC_C_LANGUAGE_STANDARD = gnu99;
				GCC_NO_COMMON_BLOCKS = YES;
				GCC_WARN_64_TO_32_BIT_CONVERSION = YES;
				GCC_WARN_ABOUT_RETURN_TYPE = YES_ERROR;
				GCC_WARN_UNDECLARED_SELECTOR = YES;
				GCC_WARN_UNINITIALIZED_AUTOS = YES_AGGRESSIVE;
				GCC_WARN_UNUSED_FUNCTION = YES;
				GCC_WARN_UNUSED_VARIABLE = YES;
				IPHONEOS_DEPLOYMENT_TARGET = 9.2;
				MTL_ENABLE_DEBUG_INFO = NO;
				SDKROOT = iphoneos;
				VALIDATE_PRODUCT = YES;
			};
			name = Release;
		};
		8F047CE11C2A51E4009A0740 /* Debug */ = {
			isa = XCBuildConfiguration;
			buildSettings = {
				ASSETCATALOG_COMPILER_APPICON_NAME = AppIcon;
				INFOPLIST_FILE = "Git-Test/Info.plist";
				LD_RUNPATH_SEARCH_PATHS = "$(inherited) @executable_path/Frameworks";
				PRODUCT_BUNDLE_IDENTIFIER = "com.qg715buy.yiren.Git-Test";
				PRODUCT_NAME = "$(TARGET_NAME)";
			};
			name = Debug;
		};
		8F047CE21C2A51E4009A0740 /* Release */ = {
			isa = XCBuildConfiguration;
			buildSettings = {
				ASSETCATALOG_COMPILER_APPICON_NAME = AppIcon;
				INFOPLIST_FILE = "Git-Test/Info.plist";
				LD_RUNPATH_SEARCH_PATHS = "$(inherited) @executable_path/Frameworks";
				PRODUCT_BUNDLE_IDENTIFIER = "com.qg715buy.yiren.Git-Test";
				PRODUCT_NAME = "$(TARGET_NAME)";
			};
			name = Release;
		};
		8F047CE41C2A51E4009A0740 /* Debug */ = {
			isa = XCBuildConfiguration;
			buildSettings = {
				BUNDLE_LOADER = "$(TEST_HOST)";
				INFOPLIST_FILE = "Git-TestTests/Info.plist";
				LD_RUNPATH_SEARCH_PATHS = "$(inherited) @executable_path/Frameworks @loader_path/Frameworks";
				PRODUCT_BUNDLE_IDENTIFIER = "com.qg715buy.yiren.Git-TestTests";
				PRODUCT_NAME = "$(TARGET_NAME)";
				TEST_HOST = "$(BUILT_PRODUCTS_DIR)/Git-Test.app/Git-Test";
			};
			name = Debug;
		};
		8F047CE51C2A51E4009A0740 /* Release */ = {
			isa = XCBuildConfiguration;
			buildSettings = {
				BUNDLE_LOADER = "$(TEST_HOST)";
				INFOPLIST_FILE = "Git-TestTests/Info.plist";
				LD_RUNPATH_SEARCH_PATHS = "$(inherited) @executable_path/Frameworks @loader_path/Frameworks";
				PRODUCT_BUNDLE_IDENTIFIER = "com.qg715buy.yiren.Git-TestTests";
				PRODUCT_NAME = "$(TARGET_NAME)";
				TEST_HOST = "$(BUILT_PRODUCTS_DIR)/Git-Test.app/Git-Test";
			};
			name = Release;
		};
		8F047CE71C2A51E4009A0740 /* Debug */ = {
			isa = XCBuildConfiguration;
			buildSettings = {
				INFOPLIST_FILE = "Git-TestUITests/Info.plist";
				LD_RUNPATH_SEARCH_PATHS = "$(inherited) @executable_path/Frameworks @loader_path/Frameworks";
				PRODUCT_BUNDLE_IDENTIFIER = "com.qg715buy.yiren.Git-TestUITests";
				PRODUCT_NAME = "$(TARGET_NAME)";
				TEST_TARGET_NAME = "Git-Test";
				USES_XCTRUNNER = YES;
			};
			name = Debug;
		};
		8F047CE81C2A51E4009A0740 /* Release */ = {
			isa = XCBuildConfiguration;
			buildSettings = {
				INFOPLIST_FILE = "Git-TestUITests/Info.plist";
				LD_RUNPATH_SEARCH_PATHS = "$(inherited) @executable_path/Frameworks @loader_path/Frameworks";
				PRODUCT_BUNDLE_IDENTIFIER = "com.qg715buy.yiren.Git-TestUITests";
				PRODUCT_NAME = "$(TARGET_NAME)";
				TEST_TARGET_NAME = "Git-Test";
				USES_XCTRUNNER = YES;
			};
			name = Release;
		};
/* End XCBuildConfiguration section */

/* Begin XCConfigurationList section */
		8F047CAE1C2A51E4009A0740 /* Build configuration list for PBXProject "Git-Test" */ = {
			isa = XCConfigurationList;
			buildConfigurations = (
				8F047CDE1C2A51E4009A0740 /* Debug */,
				8F047CDF1C2A51E4009A0740 /* Release */,
			);
			defaultConfigurationIsVisible = 0;
			defaultConfigurationName = Release;
		};
		8F047CE01C2A51E4009A0740 /* Build configuration list for PBXNativeTarget "Git-Test" */ = {
			isa = XCConfigurationList;
			buildConfigurations = (
				8F047CE11C2A51E4009A0740 /* Debug */,
				8F047CE21C2A51E4009A0740 /* Release */,
			);
			defaultConfigurationIsVisible = 0;
		};
		8F047CE31C2A51E4009A0740 /* Build configuration list for PBXNativeTarget "Git-TestTests" */ = {
			isa = XCConfigurationList;
			buildConfigurations = (
				8F047CE41C2A51E4009A0740 /* Debug */,
				8F047CE51C2A51E4009A0740 /* Release */,
			);
			defaultConfigurationIsVisible = 0;
		};
		8F047CE61C2A51E4009A0740 /* Build configuration list for PBXNativeTarget "Git-TestUITests" */ = {
			isa = XCConfigurationList;
			buildConfigurations = (
				8F047CE71C2A51E4009A0740 /* Debug */,
				8F047CE81C2A51E4009A0740 /* Release */,
			);
			defaultConfigurationIsVisible = 0;
		};
/* End XCConfigurationList section */
	};
	rootObject = 8F047CAB1C2A51E4009A0740 /* Project object */;
}
